
Microsoft Visual Studio Solution File, Format Version 12.00
# Visual Studio Version 17
VisualStudioVersion = 17.8.34330.188
MinimumVisualStudioVersion = 10.0.40219.1
Project("{FAE04EC0-301F-11D3-BF4B-00C04F79EFBC}") = "SteeplesFunction", "SteeplesFunction\SteeplesFunction.csproj", "{29FA3EEE-BF3C-4924-B770-CC7B316FFDB9}"
EndProject
Global
	GlobalSection(SolutionConfigurationPlatforms) = preSolution
		Debug|Any CPU = Debug|Any CPU
		Release|Any CPU = Release|Any CPU
	EndGlobalSection
	GlobalSection(ProjectConfigurationPlatforms) = postSolution
		{29FA3EEE-BF3C-4924-B770-CC7B316FFDB9}.Debug|Any CPU.ActiveCfg = Debug|Any CPU
		{29FA3EEE-BF3C-4924-B770-CC7B316FFDB9}.Debug|Any CPU.Build.0 = Debug|Any CPU
		{29FA3EEE-BF3C-4924-B770-CC7B316FFDB9}.Release|Any CPU.ActiveCfg = Release|Any CPU
		{29FA3EEE-BF3C-4924-B770-CC7B316FFDB9}.Release|Any CPU.Build.0 = Release|Any CPU
	EndGlobalSection
	GlobalSection(SolutionProperties) = preSolution
		HideSolutionNode = FALSE
	EndGlobalSection
	GlobalSection(ExtensibilityGlobals) = postSolution
		SolutionGuid = {F300DBCC-2BD1-4889-9E55-75F45DF41656}
	EndGlobalSection
EndGlobal
